# This file is autogenerated, do not edit; changes may be undone by the next 'dep ensure'.


[[projects]]
  digest = "1:bb79929dc3be4d56bc0f343c27fb81b29bbcc2cb1c00d68a82a2472f1072e4c0"
  name = "github.com/DATA-DOG/go-sqlmock"
  packages = ["."]
  pruneopts = "UT"
  revision = "b8a63d3edfc5e2ab744c0e9b61342d542e9d7ad2"
  version = "v1.5.0"

[[projects]]
  digest = "1:ffe9824d294da03b391f44e1ae8281281b4afc1bdaa9588c9097785e3af10cec"
  name = "github.com/davecgh/go-spew"
  packages = ["spew"]
  pruneopts = "UT"
  revision = "8991bc29aa16c548c550c7ff78260e27b9ab7c73"
  version = "v1.1.1"

[[projects]]
  digest = "1:a3af33fd30536d9c5a7b6ad542390919e57c1125097a194c7b3d9904109a0611"
  name = "github.com/go-sql-driver/mysql"
  packages = ["."]
  pruneopts = "UT"
  revision = "17ef3dd9d98b69acec3e85878995ada9533a9370"
  version = "v1.5.0"

[[projects]]
  digest = "1:e72d1ebb8d395cf9f346fd9cbc652e5ae222dd85e0ac842dc57f175abed6d195"
  name = "github.com/gorilla/securecookie"
  packages = ["."]
  pruneopts = "UT"
  revision = "e59506cc896acb7f7bf732d4fdf5e25f7ccd8983"
  version = "v1.1.1"

[[projects]]
  digest = "1:8a4faf976f729a5bf9141d9fefdaf89e0550a34f05299f8102b2614f23e64658"
  name = "github.com/gorilla/sessions"
  packages = ["."]
  pruneopts = "UT"
  revision = "61fa50d034f99479a7de0d1c02c5e9dea5ad30cb"
  version = "v1.2.1"

[[projects]]
  digest = "1:31062b727ec90b7f2589ea5c442578350cf4d303309cb041dcfbe507ebd91067"
  name = "github.com/labstack/echo"
  packages = ["."]
  pruneopts = "UT"
  revision = "cb84205219f6b0962ab5bb39ab6c0911f5f1652d"
  version = "v4.1.17"

[[projects]]
  digest = "1:9bc108827ac1d8783dea294f1ef07732fa4ca7d6e20518c04888a85828eba4ce"
  name = "github.com/labstack/gommon"
  packages = [
    "color",
    "log",
  ]
  pruneopts = "UT"
  revision = "4919956f6fb227b548f004da27c7c6b20fba499f"
  version = "v0.3.0"

[[projects]]
  digest = "1:864f9b9a3bc9255934cbb5e94d5f761d726085894915403289fbae6fb3415f98"
  name = "github.com/mattn/go-colorable"
  packages = ["."]
  pruneopts = "UT"
  revision = "f6c00982823144337e56cdb71c712eaac151d29c"
  version = "v0.1.7"

[[projects]]
  digest = "1:0c58d31abe2a2ccb429c559b6292e7df89dcda675456fecc282fa90aa08273eb"
  name = "github.com/mattn/go-isatty"
  packages = ["."]
  pruneopts = "UT"
  revision = "7b513a986450394f7bbf1476909911b3aa3a55ce"
  version = "v0.0.12"

[[projects]]
  digest = "1:0028cb19b2e4c3112225cd871870f2d9cf49b9b4276531f03438a88e94be86fe"
  name = "github.com/pmezard/go-difflib"
  packages = ["difflib"]
  pruneopts = "UT"
  revision = "792786c7400a136282c1664665ae0a8db921c6c2"
  version = "v1.0.0"

[[projects]]
  digest = "1:86ff4af7b6bb3d27c2e89b5ef8c139678acff1cad74a3c5235fc5af6b94fcc9e"
  name = "github.com/stretchr/objx"
  packages = ["."]
  pruneopts = "UT"
  revision = "35313a95ee26395aa17d366c71a2ccf788fa69b6"
  version = "v0.3.0"

[[projects]]
  digest = "1:e1dec70f3d761a66432fa0c7f2b38a63cbe9d91761a50102def809ecf133cec4"
  name = "github.com/stretchr/testify"
  packages = [
    "assert",
    "mock",
  ]
  pruneopts = "UT"
  revision = "f654a9112bbeac49ca2cd45bfbe11533c4666cf8"
  version = "v1.6.1"

[[projects]]
  digest = "1:c468422f334a6b46a19448ad59aaffdfc0a36b08fdcc1c749a0b29b6453d7e59"
  name = "github.com/valyala/bytebufferpool"
  packages = ["."]
  pruneopts = "UT"
  revision = "e746df99fe4a3986f4d4f79e13c1e0117ce9c2f7"
  version = "v1.0.0"

[[projects]]
  digest = "1:d724474523928294ece8cc97e8d2371f27c7e6d3068bfa9ace93bd3105b4fdbd"
  name = "github.com/valyala/fasttemplate"
  packages = ["."]
  pruneopts = "UT"
  revision = "2275c48ed3e40f01fa347e220be31070a89b6ad4"
  version = "v1.2.1"

[[projects]]
  branch = "master"
  digest = "1:e4418522cf2a46b9c035a832f784f9f3e30136ca276b59c9bf4de3d98acf78ac"
  name = "golang.org/x/crypto"
  packages = [
    "acme",
    "acme/autocert",
    "bcrypt",
    "blowfish",
  ]
  pruneopts = "UT"
  revision = "5c72a883971a4325f8c62bf07b6d38c20ea47a6a"

[[projects]]
  branch = "master"
  digest = "1:bed0f41a4f65c97cc5e1ff1c6d5fbbf7849298f2df4db4badf4077efcc19ff9d"
  name = "golang.org/x/net"
  packages = [
    "http/httpguts",
    "http2",
    "http2/h2c",
    "http2/hpack",
    "idna",
  ]
  pruneopts = "UT"
  revision = "62affa334b73ec65ed44a326519ac12c421905e3"

[[projects]]
  branch = "master"
  digest = "1:f39dab930d993596c345ad939b29990fb0e142e62d587615975cc4aad4f6942d"
  name = "golang.org/x/sys"
  packages = [
    "internal/unsafeheader",
    "unix",
  ]
  pruneopts = "UT"
  revision = "be1d3432aa8f4fd677757447c4c9e7ff9bf25f73"

[[projects]]
  digest = "1:fa940333c48808b0d86ef21f412ffcfd0e5084a82f13905c028a404803b1908f"
  name = "golang.org/x/text"
  packages = [
    "collate",
    "collate/build",
    "internal/colltab",
    "internal/gen",
    "internal/language",
    "internal/language/compact",
    "internal/tag",
    "internal/triegen",
    "internal/ucd",
    "language",
    "secure/bidirule",
    "transform",
    "unicode/bidi",
    "unicode/cldr",
    "unicode/norm",
    "unicode/rangetable",
  ]
  pruneopts = "UT"
  revision = "23ae387dee1f90d29a23c0e87ee0b46038fbed0e"
  version = "v0.3.3"

[[projects]]
  branch = "v3"
  digest = "1:229cb0f6192914f518cc1241ede6d6f1f458b31debfa18bf3a5c9e4f7b01e24b"
  name = "gopkg.in/yaml.v3"
  packages = ["."]
  pruneopts = "UT"
  revision = "eeeca48fe7764f320e4870d231902bf9c1be2c08"

[solve-meta]
  analyzer-name = "dep"
  analyzer-version = 1
  input-imports = [
    "github.com/DATA-DOG/go-sqlmock",
    "github.com/go-sql-driver/mysql",
    "github.com/gorilla/securecookie",
    "github.com/gorilla/sessions",
    "github.com/labstack/echo",
    "github.com/stretchr/testify/assert",
    "github.com/stretchr/testify/mock",
    "golang.org/x/crypto/bcrypt",
  ]
  solver-name = "gps-cdcl"
  solver-version = 1
